// !$*UTF8*$!
{
	archiveVersion = 1;
	classes = {
	};
	objectVersion = 50;
	objects = {

/* Begin PBXBuildFile section */
		118E29552240DF7B006FE351 /* main.m in Sources */ = {isa = PBXBuildFile; fileRef = 118E29542240DF7B006FE351 /* main.m */; };
		118E295D2240E17F006FE351 /* BankAccount.m in Sources */ = {isa = PBXBuildFile; fileRef = 118E295C2240E17F006FE351 /* BankAccount.m */; };
		118E29602242A024006FE351 /* VipBankAccount.m in Sources */ = {isa = PBXBuildFile; fileRef = 118E295F2242A024006FE351 /* VipBankAccount.m */; };
/* End PBXBuildFile section */

/* Begin PBXCopyFilesBuildPhase section */
		118E294F2240DF7B006FE351 /* CopyFiles */ = {
			isa = PBXCopyFilesBuildPhase;
			buildActionMask = 2147483647;
			dstPath = /usr/share/man/man1/;
			dstSubfolderSpec = 0;
			files = (
			);
			runOnlyForDeploymentPostprocessing = 1;
		};
/* End PBXCopyFilesBuildPhase section */

/* Begin PBXFileReference section */
		118E29512240DF7B006FE351 /* 04_class */ = {isa = PBXFileReference; explicitFileType = "compiled.mach-o.executable"; includeInIndex = 0; path = 04_class; sourceTree = BUILT_PRODUCTS_DIR; };
		118E29542240DF7B006FE351 /* main.m */ = {isa = PBXFileReference; lastKnownFileType = sourcecode.c.objc; path = main.m; sourceTree = "<group>"; };
		118E295B2240E17F006FE351 /* BankAccount.h */ = {isa = PBXFileReference; lastKnownFileType = sourcecode.c.h; path = BankAccount.h; sourceTree = "<group>"; };
		118E295C2240E17F006FE351 /* BankAccount.m */ = {isa = PBXFileReference; lastKnownFileType = sourcecode.c.objc; path = BankAccount.m; sourceTree = "<group>"; };
		118E295E2242A024006FE351 /* VipBankAccount.h */ = {isa = PBXFileReference; lastKnownFileType = sourcecode.c.h; path = VipBankAccount.h; sourceTree = "<group>"; };
		118E295F2242A024006FE351 /* VipBankAccount.m */ = {isa = PBXFileReference; lastKnownFileType = sourcecode.c.objc; path = VipBankAccount.m; sourceTree = "<group>"; };
/* End PBXFileReference section */

/* Begin PBXFrameworksBuildPhase section */
		118E294E2240DF7B006FE351 /* Frameworks */ = {
			isa = PBXFrameworksBuildPhase;
			buildActionMask = 2147483647;
			files = (
			);
			runOnlyForDeploymentPostprocessing = 0;
		};
/* End PBXFrameworksBuildPhase section */

/* Begin PBXGroup section */
		118E29482240DF7B006FE351 = {
			isa = PBXGroup;
			children = (
				118E29532240DF7B006FE351 /* 04_class */,
				118E29522240DF7B006FE351 /* Products */,
			);
			sourceTree = "<group>";
		};
		118E29522240DF7B006FE351 /* Products */ = {
			isa = PBXGroup;
			children = (
				118E29512240DF7B006FE351 /* 04_class */,
			);
			name = Products;
			sourceTree = "<group>";
		};
		118E29532240DF7B006FE351 /* 04_class */ = {
			isa = PBXGroup;
			children = (
				118E29542240DF7B006FE351 /* main.m */,
				118E295B2240E17F006FE351 /* BankAccount.h */,
				118E295C2240E17F006FE351 /* BankAccount.m */,
				118E295E2242A024006FE351 /* VipBankAccount.h */,
				118E295F2242A024006FE351 /* VipBankAccount.m */,
			);
			path = 04_class;
			sourceTree = "<group>";
		};
/* End PBXGroup section */

/* Begin PBXNativeTarget section */
		118E29502240DF7B006FE351 /* 04_class */ = {
			isa = PBXNativeTarget;
			buildConfigurationList = 118E29582240DF7B006FE351 /* Build configuration list for PBXNativeTarget "04_class" */;
			buildPhases = (
				118E294D2240DF7B006FE351 /* Sources */,
				118E294E2240DF7B006FE351 /* Frameworks */,
				118E294F2240DF7B006FE351 /* CopyFiles */,
			);
			buildRules = (
			);
			dependencies = (
			);
			name = 04_class;
			productName = 04_class;
			productReference = 118E29512240DF7B006FE351 /* 04_class */;
			productType = "com.apple.product-type.tool";
		};
/* End PBXNativeTarget section */

/* Begin PBXProject section */
		118E29492240DF7B006FE351 /* Project object */ = {
			isa = PBXProject;
			attributes = {
				LastUpgradeCheck = 1010;
				ORGANIZATIONNAME = sy;
				TargetAttributes = {
					118E29502240DF7B006FE351 = {
						CreatedOnToolsVersion = 10.1;
					};
				};
			};
			buildConfigurationList = 118E294C2240DF7B006FE351 /* Build configuration list for PBXProject "04_class" */;
			compatibilityVersion = "Xcode 9.3";
			developmentRegion = en;
			hasScannedForEncodings = 0;
			knownRegions = (
				en,
			);
			mainGroup = 118E29482240DF7B006FE351;
			productRefGroup = 118E29522240DF7B006FE351 /* Products */;
			projectDirPath = "";
			projectRoot = "";
			targets = (
				118E29502240DF7B006FE351 /* 04_class */,
			);
		};
/* End PBXProject section */

/* Begin PBXSourcesBuildPhase section */
		118E294D2240DF7B006FE351 /* Sources */ = {
			isa = PBXSourcesBuildPhase;
			buildActionMask = 2147483647;
			files = (
				118E29552240DF7B006FE351 /* main.m in Sources */,
				118E29602242A024006FE351 /* VipBankAccount.m in Sources */,
				118E295D2240E17F006FE351 /* BankAccount.m in Sources */,
			);
			runOnlyForDeploymentPostprocessing = 0;
		};
/* End PBXSourcesBuildPhase section */

/* Begin XCBuildConfiguration section */
		118E29562240DF7B006FE351 /* Debug */ = {
			isa = XCBuildConfiguration;
			buildSettings = {
				ALWAYS_SEARCH_USER_PATHS = NO;
				CLANG_ANALYZER_NONNULL = YES;
				CLANG_ANALYZER_NUMBER_OBJECT_CONVERSION = YES_AGGRESSIVE;
				CLANG_CXX_LANGUAGE_STANDARD = "gnu++14";
				CLANG_CXX_LIBRARY = "libc++";
				CLANG_ENABLE_MODULES = YES;
				CLANG_ENABLE_OBJC_ARC = YES;
				CLANG_ENABLE_OBJC_WEAK = YES;
				CLANG_WARN_BLOCK_CAPTURE_AUTORELEASING = YES;
				CLANG_WARN_BOOL_CONVERSION = YES;
				CLANG_WARN_COMMA = YES;
				CLANG_WARN_CONSTANT_CONVERSION = YES;
				CLANG_WARN_DEPRECATED_OBJC_IMPLEMENTATIONS = YES;
				CLANG_WARN_DIRECT_OBJC_ISA_USAGE = YES_ERROR;
				CLANG_WARN_DOCUMENTATION_COMMENTS = YES;
				CLANG_WARN_EMPTY_BODY = YES;
				CLANG_WARN_ENUM_CONVERSION = YES;
				CLANG_WARN_INFINITE_RECURSION = YES;
				CLANG_WARN_INT_CONVERSION = YES;
				CLANG_WARN_NON_LITERAL_NULL_CONVERSION = YES;
				CLANG_WARN_OBJC_IMPLICIT_RETAIN_SELF = YES;
				CLANG_WARN_OBJC_LITERAL_CONVERSION = YES;
				CLANG_WARN_OBJC_ROOT_CLASS = YES_ERROR;
				CLANG_WARN_RANGE_LOOP_ANALYSIS = YES;
				CLANG_WARN_STRICT_PROTOTYPES = YES;
				CLANG_WARN_SUSPICIOUS_MOVE = YES;
				CLANG_WARN_UNGUARDED_AVAILABILITY = YES_AGGRESSIVE;
				CLANG_WARN_UNREACHABLE_CODE = YES;
				CLANG_WARN__DUPLICATE_METHOD_MATCH = YES;
				CODE_SIGN_IDENTITY = "Mac Developer";
				COPY_PHASE_STRIP = NO;
				DEBUG_INFORMATION_FORMAT = dwarf;
				ENABLE_STRICT_OBJC_MSGSEND = YES;
				ENABLE_TESTABILITY = YES;
				GCC_C_LANGUAGE_STANDARD = gnu11;
				GCC_DYNAMIC_NO_PIC = NO;
				GCC_NO_COMMON_BLOCKS = YES;
				GCC_OPTIMIZATION_LEVEL = 0;
				GCC_PREPROCESSOR_DEFINITIONS = (
					"DEBUG=1",
					"$(inherited)",
				);
				GCC_WARN_64_TO_32_BIT_CONVERSION = YES;
				GCC_WARN_ABOUT_RETURN_TYPE = YES_ERROR;
				GCC_WARN_UNDECLARED_SELECTOR = YES;
				GCC_WARN_UNINITIALIZED_AUTOS = YES_AGGRESSIVE;
				GCC_WARN_UNUSED_FUNCTION = YES;
				GCC_WARN_UNUSED_VARIABLE = YES;
				MACOSX_DEPLOYMENT_TARGET = 10.14;
				MTL_ENABLE_DEBUG_INFO = INCLUDE_SOURCE;
				MTL_FAST_MATH = YES;
				ONLY_ACTIVE_ARCH = YES;
				SDKROOT = macosx;
			};
			name = Debug;
		};
		118E29572240DF7B006FE351 /* Release */ = {
			isa = XCBuildConfiguration;
			buildSettings = {
				ALWAYS_SEARCH_USER_PATHS = NO;
				CLANG_ANALYZER_NONNULL = YES;
				CLANG_ANALYZER_NUMBER_OBJECT_CONVERSION = YES_AGGRESSIVE;
				CLANG_CXX_LANGUAGE_STANDARD = "gnu++14";
				CLANG_CXX_LIBRARY = "libc++";
				CLANG_ENABLE_MODULES = YES;
				CLANG_ENABLE_OBJC_ARC = YES;
				CLANG_ENABLE_OBJC_WEAK = YES;
				CLANG_WARN_BLOCK_CAPTURE_AUTORELEASING = YES;
				CLANG_WARN_BOOL_CONVERSION = YES;
				CLANG_WARN_COMMA = YES;
				CLANG_WARN_CONSTANT_CONVERSION = YES;
				CLANG_WARN_DEPRECATED_OBJC_IMPLEMENTATIONS = YES;
				CLANG_WARN_DIRECT_OBJC_ISA_USAGE = YES_ERROR;
				CLANG_WARN_DOCUMENTATION_COMMENTS = YES;
				CLANG_WARN_EMPTY_BODY = YES;
				CLANG_WARN_ENUM_CONVERSION = YES;
				CLANG_WARN_INFINITE_RECURSION = YES;
				CLANG_WARN_INT_CONVERSION = YES;
				CLANG_WARN_NON_LITERAL_NULL_CONVERSION = YES;
				CLANG_WARN_OBJC_IMPLICIT_RETAIN_SELF = YES;
				CLANG_WARN_OBJC_LITERAL_CONVERSION = YES;
				CLANG_WARN_OBJC_ROOT_CLASS = YES_ERROR;
				CLANG_WARN_RANGE_LOOP_ANALYSIS = YES;
				CLANG_WARN_STRICT_PROTOTYPES = YES;
				CLANG_WARN_SUSPICIOUS_MOVE = YES;
				CLANG_WARN_UNGUARDED_AVAILABILITY = YES_AGGRESSIVE;
				CLANG_WARN_UNREACHABLE_CODE = YES;
				CLANG_WARN__DUPLICATE_METHOD_MATCH = YES;
				CODE_SIGN_IDENTITY = "Mac Developer";
				COPY_PHASE_STRIP = NO;
				DEBUG_INFORMATION_FORMAT = "dwarf-with-dsym";
				ENABLE_NS_ASSERTIONS = NO;
				ENABLE_STRICT_OBJC_MSGSEND = YES;
				GCC_C_LANGUAGE_STANDARD = gnu11;
				GCC_NO_COMMON_BLOCKS = YES;
				GCC_WARN_64_TO_32_BIT_CONVERSION = YES;
				GCC_WARN_ABOUT_RETURN_TYPE = YES_ERROR;
				GCC_WARN_UNDECLARED_SELECTOR = YES;
				GCC_WARN_UNINITIALIZED_AUTOS = YES_AGGRESSIVE;
				GCC_WARN_UNUSED_FUNCTION = YES;
				GCC_WARN_UNUSED_VARIABLE = YES;
				MACOSX_DEPLOYMENT_TARGET = 10.14;
				MTL_ENABLE_DEBUG_INFO = NO;
				MTL_FAST_MATH = YES;
				SDKROOT = macosx;
			};
			name = Release;
		};
		118E29592240DF7B006FE351 /* Debug */ = {
			isa = XCBuildConfiguration;
			buildSettings = {
				CODE_SIGN_STYLE = Automatic;
				DEVELOPMENT_TEAM = 7Q4QUU55W5;
				PRODUCT_NAME = "$(TARGET_NAME)";
			};
			name = Debug;
		};
		118E295A2240DF7B006FE351 /* Release */ = {
			isa = XCBuildConfiguration;
			buildSettings = {
				CODE_SIGN_STYLE = Automatic;
				DEVELOPMENT_TEAM = 7Q4QUU55W5;
				PRODUCT_NAME = "$(TARGET_NAME)";
			};
			name = Release;
		};
/* End XCBuildConfiguration section */

/* Begin XCConfigurationList section */
		118E294C2240DF7B006FE351 /* Build configuration list for PBXProject "04_class" */ = {
			isa = XCConfigurationList;
			buildConfigurations = (
				118E29562240DF7B006FE351 /* Debug */,
				118E29572240DF7B006FE351 /* Release */,
			);
			defaultConfigurationIsVisible = 0;
			defaultConfigurationName = Release;
		};
		118E29582240DF7B006FE351 /* Build configuration list for PBXNativeTarget "04_class" */ = {
			isa = XCConfigurationList;
			buildConfigurations = (
				118E29592240DF7B006FE351 /* Debug */,
				118E295A2240DF7B006FE351 /* Release */,
			);
			defaultConfigurationIsVisible = 0;
			defaultConfigurationName = Release;
		};
/* End XCConfigurationList section */
	};
	rootObject = 118E29492240DF7B006FE351 /* Project object */;
}
