// !$*UTF8*$!
{
	archiveVersion = 1;
	classes = {
	};
	objectVersion = 50;
	objects = {

/* Begin PBXBuildFile section */
		11E7E42522B7538C00CB6F59 /* main.m in Sources */ = {isa = PBXBuildFile; fileRef = 11E7E42422B7538C00CB6F59 /* main.m */; };
		11E7E42D22B753B500CB6F59 /* Person.m in Sources */ = {isa = PBXBuildFile; fileRef = 11E7E42C22B753B500CB6F59 /* Person.m */; };
		11E7E43022B7575200CB6F59 /* PersonObsever.m in Sources */ = {isa = PBXBuildFile; fileRef = 11E7E42F22B7575200CB6F59 /* PersonObsever.m */; };
		11E7E43322B7815500CB6F59 /* KVCMutableArray.m in Sources */ = {isa = PBXBuildFile; fileRef = 11E7E43222B7815500CB6F59 /* KVCMutableArray.m */; };
/* End PBXBuildFile section */

/* Begin PBXCopyFilesBuildPhase section */
		11E7E41F22B7538C00CB6F59 /* CopyFiles */ = {
			isa = PBXCopyFilesBuildPhase;
			buildActionMask = 2147483647;
			dstPath = /usr/share/man/man1/;
			dstSubfolderSpec = 0;
			files = (
			);
			runOnlyForDeploymentPostprocessing = 1;
		};
/* End PBXCopyFilesBuildPhase section */

/* Begin PBXFileReference section */
		11E7E42122B7538C00CB6F59 /* 10_KVO */ = {isa = PBXFileReference; explicitFileType = "compiled.mach-o.executable"; includeInIndex = 0; path = 10_KVO; sourceTree = BUILT_PRODUCTS_DIR; };
		11E7E42422B7538C00CB6F59 /* main.m */ = {isa = PBXFileReference; lastKnownFileType = sourcecode.c.objc; path = main.m; sourceTree = "<group>"; };
		11E7E42B22B753B500CB6F59 /* Person.h */ = {isa = PBXFileReference; lastKnownFileType = sourcecode.c.h; path = Person.h; sourceTree = "<group>"; };
		11E7E42C22B753B500CB6F59 /* Person.m */ = {isa = PBXFileReference; lastKnownFileType = sourcecode.c.objc; path = Person.m; sourceTree = "<group>"; };
		11E7E42E22B7575200CB6F59 /* PersonObsever.h */ = {isa = PBXFileReference; lastKnownFileType = sourcecode.c.h; path = PersonObsever.h; sourceTree = "<group>"; };
		11E7E42F22B7575200CB6F59 /* PersonObsever.m */ = {isa = PBXFileReference; lastKnownFileType = sourcecode.c.objc; path = PersonObsever.m; sourceTree = "<group>"; };
		11E7E43122B7815500CB6F59 /* KVCMutableArray.h */ = {isa = PBXFileReference; lastKnownFileType = sourcecode.c.h; path = KVCMutableArray.h; sourceTree = "<group>"; };
		11E7E43222B7815500CB6F59 /* KVCMutableArray.m */ = {isa = PBXFileReference; lastKnownFileType = sourcecode.c.objc; path = KVCMutableArray.m; sourceTree = "<group>"; };
/* End PBXFileReference section */

/* Begin PBXFrameworksBuildPhase section */
		11E7E41E22B7538C00CB6F59 /* Frameworks */ = {
			isa = PBXFrameworksBuildPhase;
			buildActionMask = 2147483647;
			files = (
			);
			runOnlyForDeploymentPostprocessing = 0;
		};
/* End PBXFrameworksBuildPhase section */

/* Begin PBXGroup section */
		11E7E41822B7538C00CB6F59 = {
			isa = PBXGroup;
			children = (
				11E7E42322B7538C00CB6F59 /* 10_KVO */,
				11E7E42222B7538C00CB6F59 /* Products */,
			);
			sourceTree = "<group>";
		};
		11E7E42222B7538C00CB6F59 /* Products */ = {
			isa = PBXGroup;
			children = (
				11E7E42122B7538C00CB6F59 /* 10_KVO */,
			);
			name = Products;
			sourceTree = "<group>";
		};
		11E7E42322B7538C00CB6F59 /* 10_KVO */ = {
			isa = PBXGroup;
			children = (
				11E7E42422B7538C00CB6F59 /* main.m */,
				11E7E42B22B753B500CB6F59 /* Person.h */,
				11E7E42C22B753B500CB6F59 /* Person.m */,
				11E7E42E22B7575200CB6F59 /* PersonObsever.h */,
				11E7E42F22B7575200CB6F59 /* PersonObsever.m */,
				11E7E43122B7815500CB6F59 /* KVCMutableArray.h */,
				11E7E43222B7815500CB6F59 /* KVCMutableArray.m */,
			);
			path = 10_KVO;
			sourceTree = "<group>";
		};
/* End PBXGroup section */

/* Begin PBXNativeTarget section */
		11E7E42022B7538C00CB6F59 /* 10_KVO */ = {
			isa = PBXNativeTarget;
			buildConfigurationList = 11E7E42822B7538C00CB6F59 /* Build configuration list for PBXNativeTarget "10_KVO" */;
			buildPhases = (
				11E7E41D22B7538C00CB6F59 /* Sources */,
				11E7E41E22B7538C00CB6F59 /* Frameworks */,
				11E7E41F22B7538C00CB6F59 /* CopyFiles */,
			);
			buildRules = (
			);
			dependencies = (
			);
			name = 10_KVO;
			productName = 10_KVO;
			productReference = 11E7E42122B7538C00CB6F59 /* 10_KVO */;
			productType = "com.apple.product-type.tool";
		};
/* End PBXNativeTarget section */

/* Begin PBXProject section */
		11E7E41922B7538C00CB6F59 /* Project object */ = {
			isa = PBXProject;
			attributes = {
				LastUpgradeCheck = 1020;
				ORGANIZATIONNAME = sy;
				TargetAttributes = {
					11E7E42022B7538C00CB6F59 = {
						CreatedOnToolsVersion = 10.2.1;
					};
				};
			};
			buildConfigurationList = 11E7E41C22B7538C00CB6F59 /* Build configuration list for PBXProject "10_KVO" */;
			compatibilityVersion = "Xcode 9.3";
			developmentRegion = en;
			hasScannedForEncodings = 0;
			knownRegions = (
				en,
			);
			mainGroup = 11E7E41822B7538C00CB6F59;
			productRefGroup = 11E7E42222B7538C00CB6F59 /* Products */;
			projectDirPath = "";
			projectRoot = "";
			targets = (
				11E7E42022B7538C00CB6F59 /* 10_KVO */,
			);
		};
/* End PBXProject section */

/* Begin PBXSourcesBuildPhase section */
		11E7E41D22B7538C00CB6F59 /* Sources */ = {
			isa = PBXSourcesBuildPhase;
			buildActionMask = 2147483647;
			files = (
				11E7E43022B7575200CB6F59 /* PersonObsever.m in Sources */,
				11E7E43322B7815500CB6F59 /* KVCMutableArray.m in Sources */,
				11E7E42D22B753B500CB6F59 /* Person.m in Sources */,
				11E7E42522B7538C00CB6F59 /* main.m in Sources */,
			);
			runOnlyForDeploymentPostprocessing = 0;
		};
/* End PBXSourcesBuildPhase section */

/* Begin XCBuildConfiguration section */
		11E7E42622B7538C00CB6F59 /* Debug */ = {
			isa = XCBuildConfiguration;
			buildSettings = {
				ALWAYS_SEARCH_USER_PATHS = NO;
				CLANG_ANALYZER_NONNULL = YES;
				CLANG_ANALYZER_NUMBER_OBJECT_CONVERSION = YES_AGGRESSIVE;
				CLANG_CXX_LANGUAGE_STANDARD = "gnu++14";
				CLANG_CXX_LIBRARY = "libc++";
				CLANG_ENABLE_MODULES = YES;
				CLANG_ENABLE_OBJC_ARC = YES;
				CLANG_ENABLE_OBJC_WEAK = YES;
				CLANG_WARN_BLOCK_CAPTURE_AUTORELEASING = YES;
				CLANG_WARN_BOOL_CONVERSION = YES;
				CLANG_WARN_COMMA = YES;
				CLANG_WARN_CONSTANT_CONVERSION = YES;
				CLANG_WARN_DEPRECATED_OBJC_IMPLEMENTATIONS = YES;
				CLANG_WARN_DIRECT_OBJC_ISA_USAGE = YES_ERROR;
				CLANG_WARN_DOCUMENTATION_COMMENTS = YES;
				CLANG_WARN_EMPTY_BODY = YES;
				CLANG_WARN_ENUM_CONVERSION = YES;
				CLANG_WARN_INFINITE_RECURSION = YES;
				CLANG_WARN_INT_CONVERSION = YES;
				CLANG_WARN_NON_LITERAL_NULL_CONVERSION = YES;
				CLANG_WARN_OBJC_IMPLICIT_RETAIN_SELF = YES;
				CLANG_WARN_OBJC_LITERAL_CONVERSION = YES;
				CLANG_WARN_OBJC_ROOT_CLASS = YES_ERROR;
				CLANG_WARN_RANGE_LOOP_ANALYSIS = YES;
				CLANG_WARN_STRICT_PROTOTYPES = YES;
				CLANG_WARN_SUSPICIOUS_MOVE = YES;
				CLANG_WARN_UNGUARDED_AVAILABILITY = YES_AGGRESSIVE;
				CLANG_WARN_UNREACHABLE_CODE = YES;
				CLANG_WARN__DUPLICATE_METHOD_MATCH = YES;
				CODE_SIGN_IDENTITY = "Mac Developer";
				COPY_PHASE_STRIP = NO;
				DEBUG_INFORMATION_FORMAT = dwarf;
				ENABLE_STRICT_OBJC_MSGSEND = YES;
				ENABLE_TESTABILITY = YES;
				GCC_C_LANGUAGE_STANDARD = gnu11;
				GCC_DYNAMIC_NO_PIC = NO;
				GCC_NO_COMMON_BLOCKS = YES;
				GCC_OPTIMIZATION_LEVEL = 0;
				GCC_PREPROCESSOR_DEFINITIONS = (
					"DEBUG=1",
					"$(inherited)",
				);
				GCC_WARN_64_TO_32_BIT_CONVERSION = YES;
				GCC_WARN_ABOUT_RETURN_TYPE = YES_ERROR;
				GCC_WARN_UNDECLARED_SELECTOR = YES;
				GCC_WARN_UNINITIALIZED_AUTOS = YES_AGGRESSIVE;
				GCC_WARN_UNUSED_FUNCTION = YES;
				GCC_WARN_UNUSED_VARIABLE = YES;
				MACOSX_DEPLOYMENT_TARGET = 10.14;
				MTL_ENABLE_DEBUG_INFO = INCLUDE_SOURCE;
				MTL_FAST_MATH = YES;
				ONLY_ACTIVE_ARCH = YES;
				SDKROOT = macosx;
			};
			name = Debug;
		};
		11E7E42722B7538C00CB6F59 /* Release */ = {
			isa = XCBuildConfiguration;
			buildSettings = {
				ALWAYS_SEARCH_USER_PATHS = NO;
				CLANG_ANALYZER_NONNULL = YES;
				CLANG_ANALYZER_NUMBER_OBJECT_CONVERSION = YES_AGGRESSIVE;
				CLANG_CXX_LANGUAGE_STANDARD = "gnu++14";
				CLANG_CXX_LIBRARY = "libc++";
				CLANG_ENABLE_MODULES = YES;
				CLANG_ENABLE_OBJC_ARC = YES;
				CLANG_ENABLE_OBJC_WEAK = YES;
				CLANG_WARN_BLOCK_CAPTURE_AUTORELEASING = YES;
				CLANG_WARN_BOOL_CONVERSION = YES;
				CLANG_WARN_COMMA = YES;
				CLANG_WARN_CONSTANT_CONVERSION = YES;
				CLANG_WARN_DEPRECATED_OBJC_IMPLEMENTATIONS = YES;
				CLANG_WARN_DIRECT_OBJC_ISA_USAGE = YES_ERROR;
				CLANG_WARN_DOCUMENTATION_COMMENTS = YES;
				CLANG_WARN_EMPTY_BODY = YES;
				CLANG_WARN_ENUM_CONVERSION = YES;
				CLANG_WARN_INFINITE_RECURSION = YES;
				CLANG_WARN_INT_CONVERSION = YES;
				CLANG_WARN_NON_LITERAL_NULL_CONVERSION = YES;
				CLANG_WARN_OBJC_IMPLICIT_RETAIN_SELF = YES;
				CLANG_WARN_OBJC_LITERAL_CONVERSION = YES;
				CLANG_WARN_OBJC_ROOT_CLASS = YES_ERROR;
				CLANG_WARN_RANGE_LOOP_ANALYSIS = YES;
				CLANG_WARN_STRICT_PROTOTYPES = YES;
				CLANG_WARN_SUSPICIOUS_MOVE = YES;
				CLANG_WARN_UNGUARDED_AVAILABILITY = YES_AGGRESSIVE;
				CLANG_WARN_UNREACHABLE_CODE = YES;
				CLANG_WARN__DUPLICATE_METHOD_MATCH = YES;
				CODE_SIGN_IDENTITY = "Mac Developer";
				COPY_PHASE_STRIP = NO;
				DEBUG_INFORMATION_FORMAT = "dwarf-with-dsym";
				ENABLE_NS_ASSERTIONS = NO;
				ENABLE_STRICT_OBJC_MSGSEND = YES;
				GCC_C_LANGUAGE_STANDARD = gnu11;
				GCC_NO_COMMON_BLOCKS = YES;
				GCC_WARN_64_TO_32_BIT_CONVERSION = YES;
				GCC_WARN_ABOUT_RETURN_TYPE = YES_ERROR;
				GCC_WARN_UNDECLARED_SELECTOR = YES;
				GCC_WARN_UNINITIALIZED_AUTOS = YES_AGGRESSIVE;
				GCC_WARN_UNUSED_FUNCTION = YES;
				GCC_WARN_UNUSED_VARIABLE = YES;
				MACOSX_DEPLOYMENT_TARGET = 10.14;
				MTL_ENABLE_DEBUG_INFO = NO;
				MTL_FAST_MATH = YES;
				SDKROOT = macosx;
			};
			name = Release;
		};
		11E7E42922B7538C00CB6F59 /* Debug */ = {
			isa = XCBuildConfiguration;
			buildSettings = {
				CODE_SIGN_STYLE = Automatic;
				DEVELOPMENT_TEAM = 7Q4QUU55W5;
				PRODUCT_NAME = "$(TARGET_NAME)";
			};
			name = Debug;
		};
		11E7E42A22B7538C00CB6F59 /* Release */ = {
			isa = XCBuildConfiguration;
			buildSettings = {
				CODE_SIGN_STYLE = Automatic;
				DEVELOPMENT_TEAM = 7Q4QUU55W5;
				PRODUCT_NAME = "$(TARGET_NAME)";
			};
			name = Release;
		};
/* End XCBuildConfiguration section */

/* Begin XCConfigurationList section */
		11E7E41C22B7538C00CB6F59 /* Build configuration list for PBXProject "10_KVO" */ = {
			isa = XCConfigurationList;
			buildConfigurations = (
				11E7E42622B7538C00CB6F59 /* Debug */,
				11E7E42722B7538C00CB6F59 /* Release */,
			);
			defaultConfigurationIsVisible = 0;
			defaultConfigurationName = Release;
		};
		11E7E42822B7538C00CB6F59 /* Build configuration list for PBXNativeTarget "10_KVO" */ = {
			isa = XCConfigurationList;
			buildConfigurations = (
				11E7E42922B7538C00CB6F59 /* Debug */,
				11E7E42A22B7538C00CB6F59 /* Release */,
			);
			defaultConfigurationIsVisible = 0;
			defaultConfigurationName = Release;
		};
/* End XCConfigurationList section */
	};
	rootObject = 11E7E41922B7538C00CB6F59 /* Project object */;
}
